<?xml version="1.0" encoding="utf-8"?>
<Project ToolsVersion="4.0" xmlns="http://schemas.microsoft.com/developer/msbuild/2003">
  <ItemGroup>
    <Filter Include="Fichiers sources">
      <UniqueIdentifier>{4FC737F1-C7A5-4376-A066-2A32D752A2FF}</UniqueIdentifier>
      <Extensions>cpp;c;cc;cxx;def;odl;idl;hpj;bat;asm;asmx</Extensions>
    </Filter>
    <Filter Include="Fichiers d%27en-tête">
      <UniqueIdentifier>{93995380-89BD-4b04-88EB-625FBE52EBFB}</UniqueIdentifier>
      <Extensions>h;hh;hpp;hxx;hm;inl;inc;ipp;xsd</Extensions>
    </Filter>
    <Filter Include="Fichiers de ressources">
      <UniqueIdentifier>{67DA6AB6-F800-4c08-8B7A-83BB121AAD01}</UniqueIdentifier>
      <Extensions>rc;ico;cur;bmp;dlg;rc2;rct;bin;rgs;gif;jpg;jpeg;jpe;resx;tiff;tif;png;wav;mfcribbon-ms</Extensions>
    </Filter>
    <Filter Include="Fichiers d%27en-tête\Déchets">
      <UniqueIdentifier>{7e38ae68-d19d-4444-b7fe-f0adf6740d5a}</UniqueIdentifier>
    </Filter>
    <Filter Include="Fichiers d%27en-tête\Operations">
      <UniqueIdentifier>{effb55f1-9fb3-4ee0-b965-4a5b09e500da}</UniqueIdentifier>
    </Filter>
    <Filter Include="Fichiers d%27en-tête\Camions">
      <UniqueIdentifier>{88366cd2-2fc3-470d-a5a4-5088d6e2f62e}</UniqueIdentifier>
    </Filter>
    <Filter Include="Fichiers d%27en-tête\GenerateurOperation">
      <UniqueIdentifier>{10c0f635-73c2-452d-a740-ca36bc306dc1}</UniqueIdentifier>
    </Filter>
  </ItemGroup>
  <ItemGroup>
    <ClCompile Include="Dechet.cpp">
      <Filter>Fichiers sources</Filter>
    </ClCompile>
    <ClCompile Include="Camion.cpp">
      <Filter>Fichiers sources</Filter>
    </ClCompile>
    <ClCompile Include="main.cpp">
      <Filter>Fichiers sources</Filter>
    </ClCompile>
    <ClCompile Include="UsineTraitement.cpp">
      <Filter>Fichiers sources</Filter>
    </ClCompile>
    <ClCompile Include="OperationTraitement.cpp">
      <Filter>Fichiers sources</Filter>
    </ClCompile>
    <ClCompile Include="Compteur.cpp">
      <Filter>Fichiers sources</Filter>
    </ClCompile>
    <ClCompile Include="ChargementDechet.cpp">
      <Filter>Fichiers sources</Filter>
    </ClCompile>
    <ClCompile Include="Operation.cpp">
      <Filter>Fichiers sources</Filter>
    </ClCompile>
  </ItemGroup>
  <ItemGroup>
    <ClInclude Include="UsineTraitement.h">
      <Filter>Fichiers d%27en-tête</Filter>
    </ClInclude>
    <ClInclude Include="ChargementDechet.h">
      <Filter>Fichiers d%27en-tête</Filter>
    </ClInclude>
    <ClInclude Include="Dechet.h">
      <Filter>Fichiers d%27en-tête</Filter>
    </ClInclude>
    <ClInclude Include="UQAC.h">
      <Filter>Fichiers d%27en-tête</Filter>
    </ClInclude>
    <ClInclude Include="Dechets\BouteilleBiere.h">
      <Filter>Fichiers d%27en-tête\Déchets</Filter>
    </ClInclude>
    <ClInclude Include="Dechets\Chaise.h">
      <Filter>Fichiers d%27en-tête\Déchets</Filter>
    </ClInclude>
    <ClInclude Include="Dechets\DechetMalConcu.h">
      <Filter>Fichiers d%27en-tête\Déchets</Filter>
    </ClInclude>
    <ClInclude Include="Dechets\FeuillePapier.h">
      <Filter>Fichiers d%27en-tête\Déchets</Filter>
    </ClInclude>
    <ClInclude Include="Dechets\PlanteVerte.h">
      <Filter>Fichiers d%27en-tête\Déchets</Filter>
    </ClInclude>
    <ClInclude Include="Dechets\QuelqueChose.h">
      <Filter>Fichiers d%27en-tête\Déchets</Filter>
    </ClInclude>
    <ClInclude Include="Dechets\RestantNourriture.h">
      <Filter>Fichiers d%27en-tête\Déchets</Filter>
    </ClInclude>
    <ClInclude Include="Dechets\SacChips.h">
      <Filter>Fichiers d%27en-tête\Déchets</Filter>
    </ClInclude>
    <ClInclude Include="Dechets\VerreCafe.h">
      <Filter>Fichiers d%27en-tête\Déchets</Filter>
    </ClInclude>
    <ClInclude Include="DechetTraite.h">
      <Filter>Fichiers d%27en-tête</Filter>
    </ClInclude>
    <ClInclude Include="Operation.h">
      <Filter>Fichiers d%27en-tête\Operations</Filter>
    </ClInclude>
    <ClInclude Include="Operation1.h">
      <Filter>Fichiers d%27en-tête\Operations</Filter>
    </ClInclude>
    <ClInclude Include="Operation2.h">
      <Filter>Fichiers d%27en-tête\Operations</Filter>
    </ClInclude>
    <ClInclude Include="Operation3.h">
      <Filter>Fichiers d%27en-tête\Operations</Filter>
    </ClInclude>
    <ClInclude Include="Operation4.h">
      <Filter>Fichiers d%27en-tête\Operations</Filter>
    </ClInclude>
    <ClInclude Include="Operation5.h">
      <Filter>Fichiers d%27en-tête\Operations</Filter>
    </ClInclude>
    <ClInclude Include="Operation6.h">
      <Filter>Fichiers d%27en-tête\Operations</Filter>
    </ClInclude>
    <ClInclude Include="OperationTraitement.h">
      <Filter>Fichiers d%27en-tête\Operations</Filter>
    </ClInclude>
    <ClInclude Include="CreationDechetTraiteCompostable.h">
      <Filter>Fichiers d%27en-tête\Operations</Filter>
    </ClInclude>
    <ClInclude Include="CreationDechetTraiteNonRecyclable.h">
      <Filter>Fichiers d%27en-tête\Operations</Filter>
    </ClInclude>
    <ClInclude Include="CreationDechetRecyclable.h">
      <Filter>Fichiers d%27en-tête\Operations</Filter>
    </ClInclude>
    <ClInclude Include="Camion.h">
      <Filter>Fichiers d%27en-tête\Camions</Filter>
    </ClInclude>
    <ClInclude Include="CamionBleu.h">
      <Filter>Fichiers d%27en-tête\Camions</Filter>
    </ClInclude>
    <ClInclude Include="CamionBrun.h">
      <Filter>Fichiers d%27en-tête\Camions</Filter>
    </ClInclude>
    <ClInclude Include="CamionVert.h">
      <Filter>Fichiers d%27en-tête\Camions</Filter>
    </ClInclude>
    <ClInclude Include="GenerateurSequenceOperation.h">
      <Filter>Fichiers d%27en-tête\GenerateurOperation</Filter>
    </ClInclude>
    <ClInclude Include="SequenceOperations.h">
      <Filter>Fichiers d%27en-tête\GenerateurOperation</Filter>
    </ClInclude>
    <ClInclude Include="Depot.h">
      <Filter>Fichiers d%27en-tête\Camions</Filter>
    </ClInclude>
    <ClInclude Include="Dechets\BoiteCarton.h">
      <Filter>Fichiers d%27en-tête\Déchets</Filter>
    </ClInclude>
    <ClInclude Include="Compteur.h">
      <Filter>Fichiers d%27en-tête</Filter>
    </ClInclude>
    <ClInclude Include="DechetTraiteRecyclable.h">
      <Filter>Fichiers d%27en-tête</Filter>
    </ClInclude>
    <ClInclude Include="DechetTraiteNonRecyclable.h">
      <Filter>Fichiers d%27en-tête</Filter>
    </ClInclude>
    <ClInclude Include="DechetTraiteCompostable.h">
      <Filter>Fichiers d%27en-tête</Filter>
    </ClInclude>
  </ItemGroup>
  <ItemGroup>
    <None Include="ClassDiagram.cd" />
  </ItemGroup>
</Project>